
Microsoft Visual Studio Solution File, Format Version 12.00
# Visual Studio 15
VisualStudioVersion = 15.0.28307.489
MinimumVisualStudioVersion = 10.0.40219.1
Project("{FAE04EC0-301F-11D3-BF4B-00C04F79EFBC}") = "MasterAutomationFramework", "MasterAutomationFramework\MasterAutomationFramework.csproj", "{46EF23BF-3E42-4A5B-A9E2-3061C7DED21E}"
EndProject
Project("{FAE04EC0-301F-11D3-BF4B-00C04F79EFBC}") = "MasterAutomationFramework.Common", "MasterAutomationFramework.Common\MasterAutomationFramework.Common.csproj", "{E02BE41A-D3FB-49CC-BACE-82CC58760BF9}"
EndProject
Project("{FAE04EC0-301F-11D3-BF4B-00C04F79EFBC}") = "MasterAutomationFramework.SeleniumAPI", "MasterAutomationFramework.SeleniumAPI\MasterAutomationFramework.SeleniumAPI.csproj", "{28C89452-4F66-4D85-8E67-58DC32EBB853}"
EndProject
Project("{FAE04EC0-301F-11D3-BF4B-00C04F79EFBC}") = "UnitTest.Common", "UnitTestProject1\UnitTest.Common.csproj", "{6DD3E313-9BF6-4EC6-8737-14DC4C123114}"
EndProject
Project("{9A19103F-16F7-4668-BE54-9A1E7A4F7556}") = "MasterAutomationFramework.NunitTest", "NunitTest\MasterAutomationFramework.NunitTest.csproj", "{AE2F54F0-2D20-4D9C-91D2-064557C89A0F}"
EndProject
Project("{9A19103F-16F7-4668-BE54-9A1E7A4F7556}") = "Selenium.Essentials", "Selenium.Essentials\Selenium.Essentials.csproj", "{AD824F09-9B4B-45AC-A2C9-3F09EF9EE1B6}"
EndProject
Project("{FAE04EC0-301F-11D3-BF4B-00C04F79EFBC}") = "MasterAutomationFramework.T4GenericTemplates", "T4Templates\MasterAutomationFramework.T4GenericTemplates.csproj", "{A41715DA-D7BF-4556-A166-CABF1B3642A2}"
EndProject
Project("{FAE04EC0-301F-11D3-BF4B-00C04F79EFBC}") = "MasterAutomationFramework.SeleniumAPI.Tests", "MasterAutomationFramework.SeleniumAPI.Tests\MasterAutomationFramework.SeleniumAPI.Tests.csproj", "{BF0B5AC5-CA30-4526-89BF-255809F8A618}"
EndProject
Global
	GlobalSection(SolutionConfigurationPlatforms) = preSolution
		Debug|Any CPU = Debug|Any CPU
		Release|Any CPU = Release|Any CPU
	EndGlobalSection
	GlobalSection(ProjectConfigurationPlatforms) = postSolution
		{46EF23BF-3E42-4A5B-A9E2-3061C7DED21E}.Debug|Any CPU.ActiveCfg = Debug|Any CPU
		{46EF23BF-3E42-4A5B-A9E2-3061C7DED21E}.Debug|Any CPU.Build.0 = Debug|Any CPU
		{46EF23BF-3E42-4A5B-A9E2-3061C7DED21E}.Release|Any CPU.ActiveCfg = Release|Any CPU
		{46EF23BF-3E42-4A5B-A9E2-3061C7DED21E}.Release|Any CPU.Build.0 = Release|Any CPU
		{E02BE41A-D3FB-49CC-BACE-82CC58760BF9}.Debug|Any CPU.ActiveCfg = Debug|Any CPU
		{E02BE41A-D3FB-49CC-BACE-82CC58760BF9}.Debug|Any CPU.Build.0 = Debug|Any CPU
		{E02BE41A-D3FB-49CC-BACE-82CC58760BF9}.Release|Any CPU.ActiveCfg = Release|Any CPU
		{E02BE41A-D3FB-49CC-BACE-82CC58760BF9}.Release|Any CPU.Build.0 = Release|Any CPU
		{28C89452-4F66-4D85-8E67-58DC32EBB853}.Debug|Any CPU.ActiveCfg = Debug|Any CPU
		{28C89452-4F66-4D85-8E67-58DC32EBB853}.Debug|Any CPU.Build.0 = Debug|Any CPU
		{28C89452-4F66-4D85-8E67-58DC32EBB853}.Release|Any CPU.ActiveCfg = Release|Any CPU
		{28C89452-4F66-4D85-8E67-58DC32EBB853}.Release|Any CPU.Build.0 = Release|Any CPU
		{6DD3E313-9BF6-4EC6-8737-14DC4C123114}.Debug|Any CPU.ActiveCfg = Debug|Any CPU
		{6DD3E313-9BF6-4EC6-8737-14DC4C123114}.Debug|Any CPU.Build.0 = Debug|Any CPU
		{6DD3E313-9BF6-4EC6-8737-14DC4C123114}.Release|Any CPU.ActiveCfg = Release|Any CPU
		{6DD3E313-9BF6-4EC6-8737-14DC4C123114}.Release|Any CPU.Build.0 = Release|Any CPU
		{AE2F54F0-2D20-4D9C-91D2-064557C89A0F}.Debug|Any CPU.ActiveCfg = Debug|Any CPU
		{AE2F54F0-2D20-4D9C-91D2-064557C89A0F}.Debug|Any CPU.Build.0 = Debug|Any CPU
		{AE2F54F0-2D20-4D9C-91D2-064557C89A0F}.Release|Any CPU.ActiveCfg = Release|Any CPU
		{AE2F54F0-2D20-4D9C-91D2-064557C89A0F}.Release|Any CPU.Build.0 = Release|Any CPU
		{AD824F09-9B4B-45AC-A2C9-3F09EF9EE1B6}.Debug|Any CPU.ActiveCfg = Debug|Any CPU
		{AD824F09-9B4B-45AC-A2C9-3F09EF9EE1B6}.Debug|Any CPU.Build.0 = Debug|Any CPU
		{AD824F09-9B4B-45AC-A2C9-3F09EF9EE1B6}.Release|Any CPU.ActiveCfg = Release|Any CPU
		{AD824F09-9B4B-45AC-A2C9-3F09EF9EE1B6}.Release|Any CPU.Build.0 = Release|Any CPU
		{A41715DA-D7BF-4556-A166-CABF1B3642A2}.Debug|Any CPU.ActiveCfg = Debug|Any CPU
		{A41715DA-D7BF-4556-A166-CABF1B3642A2}.Debug|Any CPU.Build.0 = Debug|Any CPU
		{A41715DA-D7BF-4556-A166-CABF1B3642A2}.Release|Any CPU.ActiveCfg = Release|Any CPU
		{A41715DA-D7BF-4556-A166-CABF1B3642A2}.Release|Any CPU.Build.0 = Release|Any CPU
		{BF0B5AC5-CA30-4526-89BF-255809F8A618}.Debug|Any CPU.ActiveCfg = Debug|Any CPU
		{BF0B5AC5-CA30-4526-89BF-255809F8A618}.Debug|Any CPU.Build.0 = Debug|Any CPU
		{BF0B5AC5-CA30-4526-89BF-255809F8A618}.Release|Any CPU.ActiveCfg = Release|Any CPU
		{BF0B5AC5-CA30-4526-89BF-255809F8A618}.Release|Any CPU.Build.0 = Release|Any CPU
	EndGlobalSection
	GlobalSection(SolutionProperties) = preSolution
		HideSolutionNode = FALSE
	EndGlobalSection
	GlobalSection(ExtensibilityGlobals) = postSolution
		SolutionGuid = {2F207488-5CBA-4BB0-92A3-A81996DB38E7}
	EndGlobalSection
EndGlobal
